
Microsoft Visual Studio Solution File, Format Version 12.00
# Visual Studio Version 17
VisualStudioVersion = 17.1.32210.238
MinimumVisualStudioVersion = 10.0.40219.1
Project("{FAE04EC0-301F-11D3-BF4B-00C04F79EFBC}") = "ConsoleApp2", "ConsoleApp2\ConsoleApp2.csproj", "{548CCDE0-72A3-48AF-B7BF-D09FC43EC698}"
EndProject
Global
	GlobalSection(SolutionConfigurationPlatforms) = preSolution
		Debug|Any CPU = Debug|Any CPU
		Release|Any CPU = Release|Any CPU
	EndGlobalSection
	GlobalSection(ProjectConfigurationPlatforms) = postSolution
		{548CCDE0-72A3-48AF-B7BF-D09FC43EC698}.Debug|Any CPU.ActiveCfg = Debug|Any CPU
		{548CCDE0-72A3-48AF-B7BF-D09FC43EC698}.Debug|Any CPU.Build.0 = Debug|Any CPU
		{548CCDE0-72A3-48AF-B7BF-D09FC43EC698}.Release|Any CPU.ActiveCfg = Release|Any CPU
		{548CCDE0-72A3-48AF-B7BF-D09FC43EC698}.Release|Any CPU.Build.0 = Release|Any CPU
	EndGlobalSection
	GlobalSection(SolutionProperties) = preSolution
		HideSolutionNode = FALSE
	EndGlobalSection
	GlobalSection(ExtensibilityGlobals) = postSolution
		SolutionGuid = {C8B21BD9-39E8-4C86-B2BE-EE6263C368F4}
	EndGlobalSection
EndGlobal
